
Microsoft Visual Studio Solution File, Format Version 12.00
# Visual Studio Version 17
VisualStudioVersion = 17.10.34804.81
MinimumVisualStudioVersion = 10.0.40219.1
Project("{2150E333-8FDC-42A3-9474-1A3956D46DE8}") = "Solution Items", "Solution Items", "{5FA622C5-524A-4F8E-AF1B-190CAD655773}"
	ProjectSection(SolutionItems) = preProject
		.gitignore = .gitignore
		.prettierrc.yaml = .prettierrc.yaml
		Directory.Build.props = Directory.Build.props
	EndProjectSection
EndProject
Project("{9A19103F-16F7-4668-BE54-9A1E7A4F7556}") = "ReSGidency.Models", "src\ReSGidency.Models\ReSGidency.Models.csproj", "{13EC4304-1835-426E-A9E7-E1A67BEA7DB9}"
EndProject
Project("{9A19103F-16F7-4668-BE54-9A1E7A4F7556}") = "ReSGidency.MetaParser", "src\ReSGidency.MetaParser\ReSGidency.MetaParser.csproj", "{3285D732-5DA1-437F-859C-41392479854A}"
EndProject
Global
	GlobalSection(SolutionConfigurationPlatforms) = preSolution
		Debug|Any CPU = Debug|Any CPU
		Release|Any CPU = Release|Any CPU
	EndGlobalSection
	GlobalSection(ProjectConfigurationPlatforms) = postSolution
		{13EC4304-1835-426E-A9E7-E1A67BEA7DB9}.Debug|Any CPU.ActiveCfg = Debug|Any CPU
		{13EC4304-1835-426E-A9E7-E1A67BEA7DB9}.Debug|Any CPU.Build.0 = Debug|Any CPU
		{13EC4304-1835-426E-A9E7-E1A67BEA7DB9}.Release|Any CPU.ActiveCfg = Release|Any CPU
		{13EC4304-1835-426E-A9E7-E1A67BEA7DB9}.Release|Any CPU.Build.0 = Release|Any CPU
		{3285D732-5DA1-437F-859C-41392479854A}.Debug|Any CPU.ActiveCfg = Debug|Any CPU
		{3285D732-5DA1-437F-859C-41392479854A}.Debug|Any CPU.Build.0 = Debug|Any CPU
		{3285D732-5DA1-437F-859C-41392479854A}.Release|Any CPU.ActiveCfg = Release|Any CPU
		{3285D732-5DA1-437F-859C-41392479854A}.Release|Any CPU.Build.0 = Release|Any CPU
	EndGlobalSection
	GlobalSection(SolutionProperties) = preSolution
		HideSolutionNode = FALSE
	EndGlobalSection
	GlobalSection(ExtensibilityGlobals) = postSolution
		SolutionGuid = {C75E0C05-E19C-4CD7-A4F9-E0F740B9C53C}
	EndGlobalSection
EndGlobal
